
Microsoft Visual Studio Solution File, Format Version 12.00
# Visual Studio 2012
Project("{FAE04EC0-301F-11D3-BF4B-00C04F79EFBC}") = "TimeSheetControl", "TimeSheetControl\TimeSheetControl.csproj", "{85C89BDB-E2F0-4B12-B3D5-750F0ECFEA65}"
EndProject
Project("{FAE04EC0-301F-11D3-BF4B-00C04F79EFBC}") = "TimeSheetDemo", "TimeSheetDemo\TimeSheetDemo.csproj", "{0608229B-35F6-41A4-89F2-04305BEF1256}"
EndProject
Project("{FAE04EC0-301F-11D3-BF4B-00C04F79EFBC}") = "PopupControl", "PopupControl\PopupControl.csproj", "{C4A0078E-E691-42CC-A1AB-56ED4719B3F4}"
EndProject
Project("{FAE04EC0-301F-11D3-BF4B-00C04F79EFBC}") = "WindowsFormsApplication1", "WindowsFormsApplication1\WindowsFormsApplication1.csproj", "{B162AF10-BBD2-4A40-A463-7038DBD398C6}"
EndProject
Global
	GlobalSection(TeamFoundationVersionControl) = preSolution
		SccNumberOfProjects = 5
		SccEnterpriseProvider = {4CA58AB2-18FA-4F8D-95D4-32DDF27D184C}
		SccTeamFoundationServer = https://tfs.codeplex.com/tfs/tfs21
		SccLocalPath0 = .
		SccProjectUniqueName1 = TimeSheetControl\\TimeSheetControl.csproj
		SccProjectName1 = TimeSheetControl
		SccLocalPath1 = TimeSheetControl
		SccProjectUniqueName2 = TimeSheetDemo\\TimeSheetDemo.csproj
		SccProjectName2 = TimeSheetDemo
		SccLocalPath2 = TimeSheetDemo
		SccProjectUniqueName3 = PopupControl\\PopupControl.csproj
		SccProjectName3 = PopupControl
		SccLocalPath3 = PopupControl
		SccProjectUniqueName4 = WindowsFormsApplication1\\WindowsFormsApplication1.csproj
		SccProjectName4 = WindowsFormsApplication1
		SccLocalPath4 = WindowsFormsApplication1
	EndGlobalSection
	GlobalSection(SolutionConfigurationPlatforms) = preSolution
		Debug|Any CPU = Debug|Any CPU
		Debug|Mixed Platforms = Debug|Mixed Platforms
		Debug|x86 = Debug|x86
		Release|Any CPU = Release|Any CPU
		Release|Mixed Platforms = Release|Mixed Platforms
		Release|x86 = Release|x86
	EndGlobalSection
	GlobalSection(ProjectConfigurationPlatforms) = postSolution
		{85C89BDB-E2F0-4B12-B3D5-750F0ECFEA65}.Debug|Any CPU.ActiveCfg = Debug|x86
		{85C89BDB-E2F0-4B12-B3D5-750F0ECFEA65}.Debug|Mixed Platforms.ActiveCfg = Debug|x86
		{85C89BDB-E2F0-4B12-B3D5-750F0ECFEA65}.Debug|Mixed Platforms.Build.0 = Debug|x86
		{85C89BDB-E2F0-4B12-B3D5-750F0ECFEA65}.Debug|x86.ActiveCfg = Debug|x86
		{85C89BDB-E2F0-4B12-B3D5-750F0ECFEA65}.Debug|x86.Build.0 = Debug|x86
		{85C89BDB-E2F0-4B12-B3D5-750F0ECFEA65}.Release|Any CPU.ActiveCfg = Release|x86
		{85C89BDB-E2F0-4B12-B3D5-750F0ECFEA65}.Release|Mixed Platforms.ActiveCfg = Release|x86
		{85C89BDB-E2F0-4B12-B3D5-750F0ECFEA65}.Release|Mixed Platforms.Build.0 = Release|x86
		{85C89BDB-E2F0-4B12-B3D5-750F0ECFEA65}.Release|x86.ActiveCfg = Release|x86
		{85C89BDB-E2F0-4B12-B3D5-750F0ECFEA65}.Release|x86.Build.0 = Release|x86
		{0608229B-35F6-41A4-89F2-04305BEF1256}.Debug|Any CPU.ActiveCfg = Debug|x86
		{0608229B-35F6-41A4-89F2-04305BEF1256}.Debug|Mixed Platforms.ActiveCfg = Debug|x86
		{0608229B-35F6-41A4-89F2-04305BEF1256}.Debug|Mixed Platforms.Build.0 = Debug|x86
		{0608229B-35F6-41A4-89F2-04305BEF1256}.Debug|x86.ActiveCfg = Debug|x86
		{0608229B-35F6-41A4-89F2-04305BEF1256}.Debug|x86.Build.0 = Debug|x86
		{0608229B-35F6-41A4-89F2-04305BEF1256}.Release|Any CPU.ActiveCfg = Release|x86
		{0608229B-35F6-41A4-89F2-04305BEF1256}.Release|Mixed Platforms.ActiveCfg = Release|x86
		{0608229B-35F6-41A4-89F2-04305BEF1256}.Release|Mixed Platforms.Build.0 = Release|x86
		{0608229B-35F6-41A4-89F2-04305BEF1256}.Release|x86.ActiveCfg = Release|x86
		{0608229B-35F6-41A4-89F2-04305BEF1256}.Release|x86.Build.0 = Release|x86
		{C4A0078E-E691-42CC-A1AB-56ED4719B3F4}.Debug|Any CPU.ActiveCfg = Debug|Any CPU
		{C4A0078E-E691-42CC-A1AB-56ED4719B3F4}.Debug|Any CPU.Build.0 = Debug|Any CPU
		{C4A0078E-E691-42CC-A1AB-56ED4719B3F4}.Debug|Mixed Platforms.ActiveCfg = Debug|Any CPU
		{C4A0078E-E691-42CC-A1AB-56ED4719B3F4}.Debug|Mixed Platforms.Build.0 = Debug|Any CPU
		{C4A0078E-E691-42CC-A1AB-56ED4719B3F4}.Debug|x86.ActiveCfg = Debug|Any CPU
		{C4A0078E-E691-42CC-A1AB-56ED4719B3F4}.Release|Any CPU.ActiveCfg = Release|Any CPU
		{C4A0078E-E691-42CC-A1AB-56ED4719B3F4}.Release|Any CPU.Build.0 = Release|Any CPU
		{C4A0078E-E691-42CC-A1AB-56ED4719B3F4}.Release|Mixed Platforms.ActiveCfg = Release|Any CPU
		{C4A0078E-E691-42CC-A1AB-56ED4719B3F4}.Release|Mixed Platforms.Build.0 = Release|Any CPU
		{C4A0078E-E691-42CC-A1AB-56ED4719B3F4}.Release|x86.ActiveCfg = Release|Any CPU
		{B162AF10-BBD2-4A40-A463-7038DBD398C6}.Debug|Any CPU.ActiveCfg = Debug|Any CPU
		{B162AF10-BBD2-4A40-A463-7038DBD398C6}.Debug|Any CPU.Build.0 = Debug|Any CPU
		{B162AF10-BBD2-4A40-A463-7038DBD398C6}.Debug|Mixed Platforms.ActiveCfg = Debug|Any CPU
		{B162AF10-BBD2-4A40-A463-7038DBD398C6}.Debug|Mixed Platforms.Build.0 = Debug|Any CPU
		{B162AF10-BBD2-4A40-A463-7038DBD398C6}.Debug|x86.ActiveCfg = Debug|Any CPU
		{B162AF10-BBD2-4A40-A463-7038DBD398C6}.Release|Any CPU.ActiveCfg = Release|Any CPU
		{B162AF10-BBD2-4A40-A463-7038DBD398C6}.Release|Any CPU.Build.0 = Release|Any CPU
		{B162AF10-BBD2-4A40-A463-7038DBD398C6}.Release|Mixed Platforms.ActiveCfg = Release|Any CPU
		{B162AF10-BBD2-4A40-A463-7038DBD398C6}.Release|Mixed Platforms.Build.0 = Release|Any CPU
		{B162AF10-BBD2-4A40-A463-7038DBD398C6}.Release|x86.ActiveCfg = Release|Any CPU
	EndGlobalSection
	GlobalSection(SolutionProperties) = preSolution
		HideSolutionNode = FALSE
	EndGlobalSection
EndGlobal
