
Microsoft Visual Studio Solution File, Format Version 12.00
# Visual Studio 2012
Project("{FAE04EC0-301F-11D3-BF4B-00C04F79EFBC}") = "TimeSheetDemo", "TimeSheetDemo.csproj", "{0608229B-35F6-41A4-89F2-04305BEF1256}"
EndProject
Project("{FAE04EC0-301F-11D3-BF4B-00C04F79EFBC}") = "TimeSheetControl", "..\TimeSheetControl\TimeSheetControl.csproj", "{85C89BDB-E2F0-4B12-B3D5-750F0ECFEA65}"
EndProject
Global
	GlobalSection(TeamFoundationVersionControl) = preSolution
		SccNumberOfProjects = 3
		SccEnterpriseProvider = {4CA58AB2-18FA-4F8D-95D4-32DDF27D184C}
		SccTeamFoundationServer = https://tfs.codeplex.com/tfs/tfs21
		SccLocalPath0 = .
		SccProjectUniqueName1 = ..\\TimeSheetControl\\TimeSheetControl.csproj
		SccProjectName1 = ../TimeSheetControl
		SccLocalPath1 = ..\\TimeSheetControl
		SccProjectUniqueName2 = TimeSheetDemo.csproj
		SccLocalPath2 = .
	EndGlobalSection
	GlobalSection(SolutionConfigurationPlatforms) = preSolution
		Debug|x86 = Debug|x86
		Release|x86 = Release|x86
	EndGlobalSection
	GlobalSection(ProjectConfigurationPlatforms) = postSolution
		{0608229B-35F6-41A4-89F2-04305BEF1256}.Debug|x86.ActiveCfg = Debug|x86
		{0608229B-35F6-41A4-89F2-04305BEF1256}.Debug|x86.Build.0 = Debug|x86
		{0608229B-35F6-41A4-89F2-04305BEF1256}.Release|x86.ActiveCfg = Release|x86
		{0608229B-35F6-41A4-89F2-04305BEF1256}.Release|x86.Build.0 = Release|x86
		{85C89BDB-E2F0-4B12-B3D5-750F0ECFEA65}.Debug|x86.ActiveCfg = Debug|x86
		{85C89BDB-E2F0-4B12-B3D5-750F0ECFEA65}.Debug|x86.Build.0 = Debug|x86
		{85C89BDB-E2F0-4B12-B3D5-750F0ECFEA65}.Release|x86.ActiveCfg = Release|x86
		{85C89BDB-E2F0-4B12-B3D5-750F0ECFEA65}.Release|x86.Build.0 = Release|x86
	EndGlobalSection
	GlobalSection(SolutionProperties) = preSolution
		HideSolutionNode = FALSE
	EndGlobalSection
EndGlobal
