
Microsoft Visual Studio Solution File, Format Version 12.00
# Visual Studio 2012
Project("{FAE04EC0-301F-11D3-BF4B-00C04F79EFBC}") = "TimeSheetGridViewDemo", "TimeSheetGridView\TimeSheetGridViewDemo.csproj", "{A48F5E3B-8598-4338-B176-0673539F2EFA}"
EndProject
Project("{FAE04EC0-301F-11D3-BF4B-00C04F79EFBC}") = "TimeSheetControl", "TimeSheetControl\TimeSheetControl.csproj", "{5F1ACA45-44CD-4295-95E5-FF3E08CD52B9}"
EndProject
Global
	GlobalSection(TeamFoundationVersionControl) = preSolution
		SccNumberOfProjects = 3
		SccEnterpriseProvider = {4CA58AB2-18FA-4F8D-95D4-32DDF27D184C}
		SccTeamFoundationServer = https://tfs.codeplex.com/tfs/tfs21
		SccLocalPath0 = .
		SccProjectUniqueName1 = TimeSheetControl\\TimeSheetControl.csproj
		SccProjectName1 = TimeSheetControl
		SccLocalPath1 = TimeSheetControl
		SccProjectUniqueName2 = TimeSheetGridView\\TimeSheetGridViewDemo.csproj
		SccProjectName2 = TimeSheetGridView
		SccLocalPath2 = TimeSheetGridView
	EndGlobalSection
	GlobalSection(SolutionConfigurationPlatforms) = preSolution
		Debug|Any CPU = Debug|Any CPU
		Release|Any CPU = Release|Any CPU
	EndGlobalSection
	GlobalSection(ProjectConfigurationPlatforms) = postSolution
		{A48F5E3B-8598-4338-B176-0673539F2EFA}.Debug|Any CPU.ActiveCfg = Debug|Any CPU
		{A48F5E3B-8598-4338-B176-0673539F2EFA}.Debug|Any CPU.Build.0 = Debug|Any CPU
		{A48F5E3B-8598-4338-B176-0673539F2EFA}.Release|Any CPU.ActiveCfg = Release|Any CPU
		{A48F5E3B-8598-4338-B176-0673539F2EFA}.Release|Any CPU.Build.0 = Release|Any CPU
		{5F1ACA45-44CD-4295-95E5-FF3E08CD52B9}.Debug|Any CPU.ActiveCfg = Debug|Any CPU
		{5F1ACA45-44CD-4295-95E5-FF3E08CD52B9}.Debug|Any CPU.Build.0 = Debug|Any CPU
		{5F1ACA45-44CD-4295-95E5-FF3E08CD52B9}.Release|Any CPU.ActiveCfg = Release|Any CPU
		{5F1ACA45-44CD-4295-95E5-FF3E08CD52B9}.Release|Any CPU.Build.0 = Release|Any CPU
	EndGlobalSection
	GlobalSection(SolutionProperties) = preSolution
		HideSolutionNode = FALSE
	EndGlobalSection
EndGlobal
